// !$*UTF8*$!
{
	archiveVersion = 1;
	classes = {
	};
	objectVersion = 46;
	objects = {

/* Begin PBXBuildFile section */
		04B36ABC1EB9B43400798334 /* ChatViewController.swift in Sources */ = {isa = PBXBuildFile; fileRef = 04B36ABB1EB9B43400798334 /* ChatViewController.swift */; };
		2639D6DD4327AF491FAC3F17 /* Pods_sap_hack.framework in Frameworks */ = {isa = PBXBuildFile; fileRef = 100E986F69DA22F89BC7C736 /* Pods_sap_hack.framework */; };
		637790371EB92093001E2944 /* ScheduleViewController.swift in Sources */ = {isa = PBXBuildFile; fileRef = 637790361EB92093001E2944 /* ScheduleViewController.swift */; };
		637790391EB92CBB001E2944 /* MapViewController.swift in Sources */ = {isa = PBXBuildFile; fileRef = 637790381EB92CBB001E2944 /* MapViewController.swift */; };
		6377903B1EB93C52001E2944 /* RequestDetailsViewController.swift in Sources */ = {isa = PBXBuildFile; fileRef = 6377903A1EB93C52001E2944 /* RequestDetailsViewController.swift */; };
		637790451EBA0921001E2944 /* RoundedView.swift in Sources */ = {isa = PBXBuildFile; fileRef = 637790441EBA0921001E2944 /* RoundedView.swift */; };
		63C2C6AB1EB8FDF30029A085 /* Assets.xcassets in Resources */ = {isa = PBXBuildFile; fileRef = 63C2C6AA1EB8FDF30029A085 /* Assets.xcassets */; };
		63C2C6AD1EB8FE080029A085 /* AppDelegate.swift in Sources */ = {isa = PBXBuildFile; fileRef = 63C2C6AC1EB8FE080029A085 /* AppDelegate.swift */; };
		63C2C6B11EB8FE100029A085 /* RequestsViewController.swift in Sources */ = {isa = PBXBuildFile; fileRef = 63C2C6AF1EB8FE100029A085 /* RequestsViewController.swift */; };
		63C2C6B71EB8FE280029A085 /* LaunchScreen.storyboard in Resources */ = {isa = PBXBuildFile; fileRef = 63C2C6B31EB8FE280029A085 /* LaunchScreen.storyboard */; };
		63C2C6B81EB8FE280029A085 /* Main.storyboard in Resources */ = {isa = PBXBuildFile; fileRef = 63C2C6B51EB8FE280029A085 /* Main.storyboard */; };
		C313E4FE1EB9032D00DE4174 /* ServiceRequest.swift in Sources */ = {isa = PBXBuildFile; fileRef = C313E4FD1EB9032D00DE4174 /* ServiceRequest.swift */; };
		C313E5001EB903C900DE4174 /* Device.swift in Sources */ = {isa = PBXBuildFile; fileRef = C313E4FF1EB903C900DE4174 /* Device.swift */; };
		C313E5021EB905CF00DE4174 /* Company.swift in Sources */ = {isa = PBXBuildFile; fileRef = C313E5011EB905CF00DE4174 /* Company.swift */; };
		C313E5041EB9073700DE4174 /* Event.swift in Sources */ = {isa = PBXBuildFile; fileRef = C313E5031EB9073700DE4174 /* Event.swift */; };
		C313E5061EB907D500DE4174 /* Person.swift in Sources */ = {isa = PBXBuildFile; fileRef = C313E5051EB907D500DE4174 /* Person.swift */; };
		C313E5181EB9113900DE4174 /* SAPCommon.framework in Frameworks */ = {isa = PBXBuildFile; fileRef = C313E5151EB9113900DE4174 /* SAPCommon.framework */; };
		C313E5191EB9113900DE4174 /* SAPCommon.framework in Embed Frameworks */ = {isa = PBXBuildFile; fileRef = C313E5151EB9113900DE4174 /* SAPCommon.framework */; settings = {ATTRIBUTES = (CodeSignOnCopy, RemoveHeadersOnCopy, ); }; };
		C313E51A1EB9113900DE4174 /* SAPFiori.framework in Frameworks */ = {isa = PBXBuildFile; fileRef = C313E5161EB9113900DE4174 /* SAPFiori.framework */; };
		C313E51B1EB9113900DE4174 /* SAPFiori.framework in Embed Frameworks */ = {isa = PBXBuildFile; fileRef = C313E5161EB9113900DE4174 /* SAPFiori.framework */; settings = {ATTRIBUTES = (CodeSignOnCopy, RemoveHeadersOnCopy, ); }; };
		C313E51C1EB9113900DE4174 /* SAPFoundation.framework in Frameworks */ = {isa = PBXBuildFile; fileRef = C313E5171EB9113900DE4174 /* SAPFoundation.framework */; };
		C313E51D1EB9113900DE4174 /* SAPFoundation.framework in Embed Frameworks */ = {isa = PBXBuildFile; fileRef = C313E5171EB9113900DE4174 /* SAPFoundation.framework */; settings = {ATTRIBUTES = (CodeSignOnCopy, RemoveHeadersOnCopy, ); }; };
		C313E5241EB91E2F00DE4174 /* KPI.swift in Sources */ = {isa = PBXBuildFile; fileRef = C313E5221EB91E2F00DE4174 /* KPI.swift */; };
		C313E5271EB9302A00DE4174 /* MapCallout.xib in Resources */ = {isa = PBXBuildFile; fileRef = C313E5261EB9302A00DE4174 /* MapCallout.xib */; };
		C36F5E1E1EB9AFBC002B0614 /* TimelineCollectionViewCell.swift in Sources */ = {isa = PBXBuildFile; fileRef = C36F5E1D1EB9AFBC002B0614 /* TimelineCollectionViewCell.swift */; };
		C36F5E221EB9DCB8002B0614 /* CustomBarButtonItem.swift in Sources */ = {isa = PBXBuildFile; fileRef = C36F5E211EB9DCB7002B0614 /* CustomBarButtonItem.swift */; };
		C36F5E241EB9F96E002B0614 /* NSAttributedString+.swift in Sources */ = {isa = PBXBuildFile; fileRef = C36F5E231EB9F96E002B0614 /* NSAttributedString+.swift */; };
		C3C83E1B1EB949D1003D6825 /* KPIHeaderTableViewCell.swift in Sources */ = {isa = PBXBuildFile; fileRef = C3C83E1A1EB949D1003D6825 /* KPIHeaderTableViewCell.swift */; };
		C3C83E1D1EB95042003D6825 /* FuryKPIHeaderCell.swift in Sources */ = {isa = PBXBuildFile; fileRef = C3C83E1C1EB95042003D6825 /* FuryKPIHeaderCell.swift */; };
/* End PBXBuildFile section */

/* Begin PBXCopyFilesBuildPhase section */
		C313E5141EB90FAF00DE4174 /* Embed Frameworks */ = {
			isa = PBXCopyFilesBuildPhase;
			buildActionMask = 2147483647;
			dstPath = "";
			dstSubfolderSpec = 10;
			files = (
				C313E51D1EB9113900DE4174 /* SAPFoundation.framework in Embed Frameworks */,
				C313E5191EB9113900DE4174 /* SAPCommon.framework in Embed Frameworks */,
				C313E51B1EB9113900DE4174 /* SAPFiori.framework in Embed Frameworks */,
			);
			name = "Embed Frameworks";
			runOnlyForDeploymentPostprocessing = 0;
		};
/* End PBXCopyFilesBuildPhase section */

/* Begin PBXFileReference section */
		04B36ABB1EB9B43400798334 /* ChatViewController.swift */ = {isa = PBXFileReference; fileEncoding = 4; lastKnownFileType = sourcecode.swift; name = ChatViewController.swift; path = Sources/Controllers/ChatViewController.swift; sourceTree = SOURCE_ROOT; };
		100E986F69DA22F89BC7C736 /* Pods_sap_hack.framework */ = {isa = PBXFileReference; explicitFileType = wrapper.framework; includeInIndex = 0; path = Pods_sap_hack.framework; sourceTree = BUILT_PRODUCTS_DIR; };
		51B0A5DD361E54E54C6B41A3 /* Pods-sap-hack.release.xcconfig */ = {isa = PBXFileReference; includeInIndex = 1; lastKnownFileType = text.xcconfig; name = "Pods-sap-hack.release.xcconfig"; path = "Pods/Target Support Files/Pods-sap-hack/Pods-sap-hack.release.xcconfig"; sourceTree = "<group>"; };
		637790361EB92093001E2944 /* ScheduleViewController.swift */ = {isa = PBXFileReference; fileEncoding = 4; lastKnownFileType = sourcecode.swift; name = ScheduleViewController.swift; path = Sources/Controllers/ScheduleViewController.swift; sourceTree = SOURCE_ROOT; };
		637790381EB92CBB001E2944 /* MapViewController.swift */ = {isa = PBXFileReference; fileEncoding = 4; lastKnownFileType = sourcecode.swift; name = MapViewController.swift; path = Sources/Controllers/MapViewController.swift; sourceTree = SOURCE_ROOT; };
		6377903A1EB93C52001E2944 /* RequestDetailsViewController.swift */ = {isa = PBXFileReference; fileEncoding = 4; lastKnownFileType = sourcecode.swift; name = RequestDetailsViewController.swift; path = Sources/Controllers/RequestDetailsViewController.swift; sourceTree = SOURCE_ROOT; };
		637790441EBA0921001E2944 /* RoundedView.swift */ = {isa = PBXFileReference; fileEncoding = 4; lastKnownFileType = sourcecode.swift; name = RoundedView.swift; path = Sources/Views/RoundedView.swift; sourceTree = SOURCE_ROOT; };
		63A17CA61EB8F5A800600C34 /* sap-hack.app */ = {isa = PBXFileReference; explicitFileType = wrapper.application; includeInIndex = 0; path = "sap-hack.app"; sourceTree = BUILT_PRODUCTS_DIR; };
		63C2C6AA1EB8FDF30029A085 /* Assets.xcassets */ = {isa = PBXFileReference; lastKnownFileType = folder.assetcatalog; name = Assets.xcassets; path = Sources/Assets.xcassets; sourceTree = SOURCE_ROOT; };
		63C2C6AC1EB8FE080029A085 /* AppDelegate.swift */ = {isa = PBXFileReference; fileEncoding = 4; lastKnownFileType = sourcecode.swift; name = AppDelegate.swift; path = Sources/Controllers/AppDelegate.swift; sourceTree = SOURCE_ROOT; };
		63C2C6AF1EB8FE100029A085 /* RequestsViewController.swift */ = {isa = PBXFileReference; fileEncoding = 4; lastKnownFileType = sourcecode.swift; name = RequestsViewController.swift; path = Sources/Controllers/RequestsViewController.swift; sourceTree = SOURCE_ROOT; };
		63C2C6B41EB8FE280029A085 /* Base */ = {isa = PBXFileReference; lastKnownFileType = file.storyboard; name = Base; path = Sources/Controllers/Base.lproj/LaunchScreen.storyboard; sourceTree = SOURCE_ROOT; };
		63C2C6B61EB8FE280029A085 /* Base */ = {isa = PBXFileReference; lastKnownFileType = file.storyboard; name = Base; path = Sources/Controllers/Base.lproj/Main.storyboard; sourceTree = SOURCE_ROOT; };
		63C2C6B91EB8FE340029A085 /* Info.plist */ = {isa = PBXFileReference; fileEncoding = 4; lastKnownFileType = text.plist.xml; name = Info.plist; path = Sources/Info.plist; sourceTree = SOURCE_ROOT; };
		6B7091CFE68F4E0A2F14BEC9 /* Pods-sap-hack.debug.xcconfig */ = {isa = PBXFileReference; includeInIndex = 1; lastKnownFileType = text.xcconfig; name = "Pods-sap-hack.debug.xcconfig"; path = "Pods/Target Support Files/Pods-sap-hack/Pods-sap-hack.debug.xcconfig"; sourceTree = "<group>"; };
		C313E4FD1EB9032D00DE4174 /* ServiceRequest.swift */ = {isa = PBXFileReference; fileEncoding = 4; lastKnownFileType = sourcecode.swift; name = ServiceRequest.swift; path = Sources/Models/ServiceRequest.swift; sourceTree = SOURCE_ROOT; };
		C313E4FF1EB903C900DE4174 /* Device.swift */ = {isa = PBXFileReference; fileEncoding = 4; lastKnownFileType = sourcecode.swift; name = Device.swift; path = Sources/Models/Device.swift; sourceTree = SOURCE_ROOT; };
		C313E5011EB905CF00DE4174 /* Company.swift */ = {isa = PBXFileReference; fileEncoding = 4; lastKnownFileType = sourcecode.swift; name = Company.swift; path = Sources/Models/Company.swift; sourceTree = SOURCE_ROOT; };
		C313E5031EB9073700DE4174 /* Event.swift */ = {isa = PBXFileReference; fileEncoding = 4; lastKnownFileType = sourcecode.swift; name = Event.swift; path = Sources/Models/Event.swift; sourceTree = SOURCE_ROOT; };
		C313E5051EB907D500DE4174 /* Person.swift */ = {isa = PBXFileReference; fileEncoding = 4; lastKnownFileType = sourcecode.swift; name = Person.swift; path = Sources/Models/Person.swift; sourceTree = SOURCE_ROOT; };
		C313E5151EB9113900DE4174 /* SAPCommon.framework */ = {isa = PBXFileReference; lastKnownFileType = wrapper.framework; name = SAPCommon.framework; path = Frameworks/SAPCommon.framework; sourceTree = "<group>"; };
		C313E5161EB9113900DE4174 /* SAPFiori.framework */ = {isa = PBXFileReference; lastKnownFileType = wrapper.framework; name = SAPFiori.framework; path = Frameworks/SAPFiori.framework; sourceTree = "<group>"; };
		C313E5171EB9113900DE4174 /* SAPFoundation.framework */ = {isa = PBXFileReference; lastKnownFileType = wrapper.framework; name = SAPFoundation.framework; path = Frameworks/SAPFoundation.framework; sourceTree = "<group>"; };
		C313E5221EB91E2F00DE4174 /* KPI.swift */ = {isa = PBXFileReference; fileEncoding = 4; lastKnownFileType = sourcecode.swift; name = KPI.swift; path = Sources/Models/KPI.swift; sourceTree = SOURCE_ROOT; };
		C313E5261EB9302A00DE4174 /* MapCallout.xib */ = {isa = PBXFileReference; fileEncoding = 4; lastKnownFileType = file.xib; name = MapCallout.xib; path = Sources/Views/MapCallout.xib; sourceTree = SOURCE_ROOT; };
		C36F5E1D1EB9AFBC002B0614 /* TimelineCollectionViewCell.swift */ = {isa = PBXFileReference; fileEncoding = 4; lastKnownFileType = sourcecode.swift; name = TimelineCollectionViewCell.swift; path = Sources/Views/TimelineCollectionViewCell.swift; sourceTree = SOURCE_ROOT; };
		C36F5E211EB9DCB7002B0614 /* CustomBarButtonItem.swift */ = {isa = PBXFileReference; fileEncoding = 4; lastKnownFileType = sourcecode.swift; name = CustomBarButtonItem.swift; path = Sources/Views/CustomBarButtonItem.swift; sourceTree = SOURCE_ROOT; };
		C36F5E231EB9F96E002B0614 /* NSAttributedString+.swift */ = {isa = PBXFileReference; fileEncoding = 4; lastKnownFileType = sourcecode.swift; name = "NSAttributedString+.swift"; path = "Extensions/NSAttributedString+.swift"; sourceTree = "<group>"; };
		C3C83E1A1EB949D1003D6825 /* KPIHeaderTableViewCell.swift */ = {isa = PBXFileReference; fileEncoding = 4; lastKnownFileType = sourcecode.swift; name = KPIHeaderTableViewCell.swift; path = Sources/Controllers/KPIHeaderTableViewCell.swift; sourceTree = SOURCE_ROOT; };
		C3C83E1C1EB95042003D6825 /* FuryKPIHeaderCell.swift */ = {isa = PBXFileReference; fileEncoding = 4; lastKnownFileType = sourcecode.swift; name = FuryKPIHeaderCell.swift; path = Sources/Views/FuryKPIHeaderCell.swift; sourceTree = SOURCE_ROOT; };
/* End PBXFileReference section */

/* Begin PBXFrameworksBuildPhase section */
		63A17CA31EB8F5A800600C34 /* Frameworks */ = {
			isa = PBXFrameworksBuildPhase;
			buildActionMask = 2147483647;
			files = (
				C313E51C1EB9113900DE4174 /* SAPFoundation.framework in Frameworks */,
				C313E5181EB9113900DE4174 /* SAPCommon.framework in Frameworks */,
				C313E51A1EB9113900DE4174 /* SAPFiori.framework in Frameworks */,
				2639D6DD4327AF491FAC3F17 /* Pods_sap_hack.framework in Frameworks */,
			);
			runOnlyForDeploymentPostprocessing = 0;
		};
/* End PBXFrameworksBuildPhase section */

/* Begin PBXGroup section */
		2942F4D4CC75E39E0FAAE774 /* Frameworks */ = {
			isa = PBXGroup;
			children = (
				C313E5151EB9113900DE4174 /* SAPCommon.framework */,
				C313E5161EB9113900DE4174 /* SAPFiori.framework */,
				C313E5171EB9113900DE4174 /* SAPFoundation.framework */,
				100E986F69DA22F89BC7C736 /* Pods_sap_hack.framework */,
			);
			name = Frameworks;
			sourceTree = "<group>";
		};
		637790471EBB50D7001E2944 /* Extensions */ = {
			isa = PBXGroup;
			children = (
				C36F5E231EB9F96E002B0614 /* NSAttributedString+.swift */,
			);
			name = Extensions;
			sourceTree = "<group>";
		};
		63A17C9D1EB8F5A800600C34 = {
			isa = PBXGroup;
			children = (
				63A17CA81EB8F5A800600C34 /* Sources */,
				63A17CA71EB8F5A800600C34 /* Products */,
				FF13ED00FD91006161606E0B /* Pods */,
				2942F4D4CC75E39E0FAAE774 /* Frameworks */,
			);
			sourceTree = "<group>";
		};
		63A17CA71EB8F5A800600C34 /* Products */ = {
			isa = PBXGroup;
			children = (
				63A17CA61EB8F5A800600C34 /* sap-hack.app */,
			);
			name = Products;
			sourceTree = "<group>";
		};
		63A17CA81EB8F5A800600C34 /* Sources */ = {
			isa = PBXGroup;
			children = (
				63C2C6AC1EB8FE080029A085 /* AppDelegate.swift */,
				63C2C6AA1EB8FDF30029A085 /* Assets.xcassets */,
				63C2C6BB1EB8FE770029A085 /* Models */,
				63C2C6BC1EB8FE7D0029A085 /* Views */,
				63C2C6B21EB8FE160029A085 /* Controllers */,
				637790471EBB50D7001E2944 /* Extensions */,
				63C2C6B91EB8FE340029A085 /* Info.plist */,
			);
			path = Sources;
			sourceTree = "<group>";
		};
		63C2C6B21EB8FE160029A085 /* Controllers */ = {
			isa = PBXGroup;
			children = (
				63C2C6B31EB8FE280029A085 /* LaunchScreen.storyboard */,
				63C2C6B51EB8FE280029A085 /* Main.storyboard */,
				63C2C6AF1EB8FE100029A085 /* RequestsViewController.swift */,
				6377903A1EB93C52001E2944 /* RequestDetailsViewController.swift */,
				637790361EB92093001E2944 /* ScheduleViewController.swift */,
				637790381EB92CBB001E2944 /* MapViewController.swift */,
				C3C83E1A1EB949D1003D6825 /* KPIHeaderTableViewCell.swift */,
				04B36ABB1EB9B43400798334 /* ChatViewController.swift */,
			);
			name = Controllers;
			path = Sources/Controllers;
			sourceTree = "<group>";
		};
		63C2C6BB1EB8FE770029A085 /* Models */ = {
			isa = PBXGroup;
			children = (
				C313E4FD1EB9032D00DE4174 /* ServiceRequest.swift */,
				C313E5221EB91E2F00DE4174 /* KPI.swift */,
				C313E5031EB9073700DE4174 /* Event.swift */,
				C313E5011EB905CF00DE4174 /* Company.swift */,
				C313E4FF1EB903C900DE4174 /* Device.swift */,
				C313E5051EB907D500DE4174 /* Person.swift */,
			);
			name = Models;
			path = Sources/Models;
			sourceTree = "<group>";
		};
		63C2C6BC1EB8FE7D0029A085 /* Views */ = {
			isa = PBXGroup;
			children = (
				C36F5E211EB9DCB7002B0614 /* CustomBarButtonItem.swift */,
				C313E5261EB9302A00DE4174 /* MapCallout.xib */,
				C3C83E1C1EB95042003D6825 /* FuryKPIHeaderCell.swift */,
				C36F5E1D1EB9AFBC002B0614 /* TimelineCollectionViewCell.swift */,
				637790441EBA0921001E2944 /* RoundedView.swift */,
			);
			name = Views;
			path = Sources/Views;
			sourceTree = "<group>";
		};
		FF13ED00FD91006161606E0B /* Pods */ = {
			isa = PBXGroup;
			children = (
				6B7091CFE68F4E0A2F14BEC9 /* Pods-sap-hack.debug.xcconfig */,
				51B0A5DD361E54E54C6B41A3 /* Pods-sap-hack.release.xcconfig */,
			);
			name = Pods;
			sourceTree = "<group>";
		};
/* End PBXGroup section */

/* Begin PBXNativeTarget section */
		63A17CA51EB8F5A800600C34 /* sap-hack */ = {
			isa = PBXNativeTarget;
			buildConfigurationList = 63A17CBA1EB8F5A800600C34 /* Build configuration list for PBXNativeTarget "sap-hack" */;
			buildPhases = (
				7B32964D69AD240D72F9D428 /* [CP] Check Pods Manifest.lock */,
				63A17CA21EB8F5A800600C34 /* Sources */,
				63A17CA31EB8F5A800600C34 /* Frameworks */,
				63A17CA41EB8F5A800600C34 /* Resources */,
				63709938918BC42F9D8B45BC /* [CP] Embed Pods Frameworks */,
				E2C26DD47A1AAEB4A587E4BE /* [CP] Copy Pods Resources */,
				C313E5141EB90FAF00DE4174 /* Embed Frameworks */,
			);
			buildRules = (
			);
			dependencies = (
			);
			name = "sap-hack";
			productName = "sap-hack";
			productReference = 63A17CA61EB8F5A800600C34 /* sap-hack.app */;
			productType = "com.apple.product-type.application";
		};
/* End PBXNativeTarget section */

/* Begin PBXProject section */
		63A17C9E1EB8F5A800600C34 /* Project object */ = {
			isa = PBXProject;
			attributes = {
				LastSwiftUpdateCheck = 0830;
				LastUpgradeCheck = 0830;
				ORGANIZATIONNAME = "Nick Podratz";
				TargetAttributes = {
					63A17CA51EB8F5A800600C34 = {
						CreatedOnToolsVersion = 8.3.1;
						DevelopmentTeam = P345AM94MQ;
						LastSwiftMigration = 0830;
						ProvisioningStyle = Automatic;
					};
				};
			};
			buildConfigurationList = 63A17CA11EB8F5A800600C34 /* Build configuration list for PBXProject "sap-hack" */;
			compatibilityVersion = "Xcode 3.2";
			developmentRegion = English;
			hasScannedForEncodings = 0;
			knownRegions = (
				en,
				Base,
			);
			mainGroup = 63A17C9D1EB8F5A800600C34;
			productRefGroup = 63A17CA71EB8F5A800600C34 /* Products */;
			projectDirPath = "";
			projectRoot = "";
			targets = (
				63A17CA51EB8F5A800600C34 /* sap-hack */,
			);
		};
/* End PBXProject section */

/* Begin PBXResourcesBuildPhase section */
		63A17CA41EB8F5A800600C34 /* Resources */ = {
			isa = PBXResourcesBuildPhase;
			buildActionMask = 2147483647;
			files = (
				63C2C6B81EB8FE280029A085 /* Main.storyboard in Resources */,
				C313E5271EB9302A00DE4174 /* MapCallout.xib in Resources */,
				63C2C6B71EB8FE280029A085 /* LaunchScreen.storyboard in Resources */,
				63C2C6AB1EB8FDF30029A085 /* Assets.xcassets in Resources */,
			);
			runOnlyForDeploymentPostprocessing = 0;
		};
/* End PBXResourcesBuildPhase section */

/* Begin PBXShellScriptBuildPhase section */
		63709938918BC42F9D8B45BC /* [CP] Embed Pods Frameworks */ = {
			isa = PBXShellScriptBuildPhase;
			buildActionMask = 2147483647;
			files = (
			);
			inputPaths = (
			);
			name = "[CP] Embed Pods Frameworks";
			outputPaths = (
			);
			runOnlyForDeploymentPostprocessing = 0;
			shellPath = /bin/sh;
			shellScript = "\"${SRCROOT}/Pods/Target Support Files/Pods-sap-hack/Pods-sap-hack-frameworks.sh\"\n";
			showEnvVarsInLog = 0;
		};
		7B32964D69AD240D72F9D428 /* [CP] Check Pods Manifest.lock */ = {
			isa = PBXShellScriptBuildPhase;
			buildActionMask = 2147483647;
			files = (
			);
			inputPaths = (
			);
			name = "[CP] Check Pods Manifest.lock";
			outputPaths = (
			);
			runOnlyForDeploymentPostprocessing = 0;
			shellPath = /bin/sh;
			shellScript = "diff \"${PODS_PODFILE_DIR_PATH}/Podfile.lock\" \"${PODS_ROOT}/Manifest.lock\" > /dev/null\nif [ $? != 0 ] ; then\n    # print error to STDERR\n    echo \"error: The sandbox is not in sync with the Podfile.lock. Run 'pod install' or update your CocoaPods installation.\" >&2\n    exit 1\nfi\n";
			showEnvVarsInLog = 0;
		};
		E2C26DD47A1AAEB4A587E4BE /* [CP] Copy Pods Resources */ = {
			isa = PBXShellScriptBuildPhase;
			buildActionMask = 2147483647;
			files = (
			);
			inputPaths = (
			);
			name = "[CP] Copy Pods Resources";
			outputPaths = (
			);
			runOnlyForDeploymentPostprocessing = 0;
			shellPath = /bin/sh;
			shellScript = "\"${SRCROOT}/Pods/Target Support Files/Pods-sap-hack/Pods-sap-hack-resources.sh\"\n";
			showEnvVarsInLog = 0;
		};
/* End PBXShellScriptBuildPhase section */

/* Begin PBXSourcesBuildPhase section */
		63A17CA21EB8F5A800600C34 /* Sources */ = {
			isa = PBXSourcesBuildPhase;
			buildActionMask = 2147483647;
			files = (
				6377903B1EB93C52001E2944 /* RequestDetailsViewController.swift in Sources */,
				637790391EB92CBB001E2944 /* MapViewController.swift in Sources */,
				637790451EBA0921001E2944 /* RoundedView.swift in Sources */,
				C36F5E1E1EB9AFBC002B0614 /* TimelineCollectionViewCell.swift in Sources */,
				C313E5241EB91E2F00DE4174 /* KPI.swift in Sources */,
				C3C83E1B1EB949D1003D6825 /* KPIHeaderTableViewCell.swift in Sources */,
				C3C83E1D1EB95042003D6825 /* FuryKPIHeaderCell.swift in Sources */,
				63C2C6AD1EB8FE080029A085 /* AppDelegate.swift in Sources */,
				C313E4FE1EB9032D00DE4174 /* ServiceRequest.swift in Sources */,
				637790371EB92093001E2944 /* ScheduleViewController.swift in Sources */,
				63C2C6B11EB8FE100029A085 /* RequestsViewController.swift in Sources */,
				C313E5001EB903C900DE4174 /* Device.swift in Sources */,
				04B36ABC1EB9B43400798334 /* ChatViewController.swift in Sources */,
				C313E5041EB9073700DE4174 /* Event.swift in Sources */,
				C313E5061EB907D500DE4174 /* Person.swift in Sources */,
				C313E5021EB905CF00DE4174 /* Company.swift in Sources */,
				C36F5E221EB9DCB8002B0614 /* CustomBarButtonItem.swift in Sources */,
				C36F5E241EB9F96E002B0614 /* NSAttributedString+.swift in Sources */,
			);
			runOnlyForDeploymentPostprocessing = 0;
		};
/* End PBXSourcesBuildPhase section */

/* Begin PBXVariantGroup section */
		63C2C6B31EB8FE280029A085 /* LaunchScreen.storyboard */ = {
			isa = PBXVariantGroup;
			children = (
				63C2C6B41EB8FE280029A085 /* Base */,
			);
			name = LaunchScreen.storyboard;
			sourceTree = "<group>";
		};
		63C2C6B51EB8FE280029A085 /* Main.storyboard */ = {
			isa = PBXVariantGroup;
			children = (
				63C2C6B61EB8FE280029A085 /* Base */,
			);
			name = Main.storyboard;
			sourceTree = "<group>";
		};
/* End PBXVariantGroup section */

/* Begin XCBuildConfiguration section */
		63A17CB81EB8F5A800600C34 /* Debug */ = {
			isa = XCBuildConfiguration;
			buildSettings = {
				ALWAYS_SEARCH_USER_PATHS = NO;
				CLANG_ANALYZER_NONNULL = YES;
				CLANG_ANALYZER_NUMBER_OBJECT_CONVERSION = YES_AGGRESSIVE;
				CLANG_CXX_LANGUAGE_STANDARD = "gnu++0x";
				CLANG_CXX_LIBRARY = "libc++";
				CLANG_ENABLE_MODULES = YES;
				CLANG_ENABLE_OBJC_ARC = YES;
				CLANG_WARN_BOOL_CONVERSION = YES;
				CLANG_WARN_CONSTANT_CONVERSION = YES;
				CLANG_WARN_DIRECT_OBJC_ISA_USAGE = YES_ERROR;
				CLANG_WARN_DOCUMENTATION_COMMENTS = YES;
				CLANG_WARN_EMPTY_BODY = YES;
				CLANG_WARN_ENUM_CONVERSION = YES;
				CLANG_WARN_INFINITE_RECURSION = YES;
				CLANG_WARN_INT_CONVERSION = YES;
				CLANG_WARN_OBJC_ROOT_CLASS = YES_ERROR;
				CLANG_WARN_SUSPICIOUS_MOVE = YES;
				CLANG_WARN_UNREACHABLE_CODE = YES;
				CLANG_WARN__DUPLICATE_METHOD_MATCH = YES;
				"CODE_SIGN_IDENTITY[sdk=iphoneos*]" = "iPhone Developer";
				COPY_PHASE_STRIP = NO;
				DEBUG_INFORMATION_FORMAT = dwarf;
				ENABLE_STRICT_OBJC_MSGSEND = YES;
				ENABLE_TESTABILITY = YES;
				GCC_C_LANGUAGE_STANDARD = gnu99;
				GCC_DYNAMIC_NO_PIC = NO;
				GCC_NO_COMMON_BLOCKS = YES;
				GCC_OPTIMIZATION_LEVEL = 0;
				GCC_PREPROCESSOR_DEFINITIONS = (
					"DEBUG=1",
					"$(inherited)",
				);
				GCC_WARN_64_TO_32_BIT_CONVERSION = YES;
				GCC_WARN_ABOUT_RETURN_TYPE = YES_ERROR;
				GCC_WARN_UNDECLARED_SELECTOR = YES;
				GCC_WARN_UNINITIALIZED_AUTOS = YES_AGGRESSIVE;
				GCC_WARN_UNUSED_FUNCTION = YES;
				GCC_WARN_UNUSED_VARIABLE = YES;
				IPHONEOS_DEPLOYMENT_TARGET = 10.3;
				MTL_ENABLE_DEBUG_INFO = YES;
				ONLY_ACTIVE_ARCH = YES;
				SDKROOT = iphoneos;
				SWIFT_ACTIVE_COMPILATION_CONDITIONS = DEBUG;
				SWIFT_OPTIMIZATION_LEVEL = "-Onone";
				TARGETED_DEVICE_FAMILY = "1,2";
			};
			name = Debug;
		};
		63A17CB91EB8F5A800600C34 /* Release */ = {
			isa = XCBuildConfiguration;
			buildSettings = {
				ALWAYS_SEARCH_USER_PATHS = NO;
				CLANG_ANALYZER_NONNULL = YES;
				CLANG_ANALYZER_NUMBER_OBJECT_CONVERSION = YES_AGGRESSIVE;
				CLANG_CXX_LANGUAGE_STANDARD = "gnu++0x";
				CLANG_CXX_LIBRARY = "libc++";
				CLANG_ENABLE_MODULES = YES;
				CLANG_ENABLE_OBJC_ARC = YES;
				CLANG_WARN_BOOL_CONVERSION = YES;
				CLANG_WARN_CONSTANT_CONVERSION = YES;
				CLANG_WARN_DIRECT_OBJC_ISA_USAGE = YES_ERROR;
				CLANG_WARN_DOCUMENTATION_COMMENTS = YES;
				CLANG_WARN_EMPTY_BODY = YES;
				CLANG_WARN_ENUM_CONVERSION = YES;
				CLANG_WARN_INFINITE_RECURSION = YES;
				CLANG_WARN_INT_CONVERSION = YES;
				CLANG_WARN_OBJC_ROOT_CLASS = YES_ERROR;
				CLANG_WARN_SUSPICIOUS_MOVE = YES;
				CLANG_WARN_UNREACHABLE_CODE = YES;
				CLANG_WARN__DUPLICATE_METHOD_MATCH = YES;
				"CODE_SIGN_IDENTITY[sdk=iphoneos*]" = "iPhone Developer";
				COPY_PHASE_STRIP = NO;
				DEBUG_INFORMATION_FORMAT = "dwarf-with-dsym";
				ENABLE_NS_ASSERTIONS = NO;
				ENABLE_STRICT_OBJC_MSGSEND = YES;
				GCC_C_LANGUAGE_STANDARD = gnu99;
				GCC_NO_COMMON_BLOCKS = YES;
				GCC_WARN_64_TO_32_BIT_CONVERSION = YES;
				GCC_WARN_ABOUT_RETURN_TYPE = YES_ERROR;
				GCC_WARN_UNDECLARED_SELECTOR = YES;
				GCC_WARN_UNINITIALIZED_AUTOS = YES_AGGRESSIVE;
				GCC_WARN_UNUSED_FUNCTION = YES;
				GCC_WARN_UNUSED_VARIABLE = YES;
				IPHONEOS_DEPLOYMENT_TARGET = 10.3;
				MTL_ENABLE_DEBUG_INFO = NO;
				SDKROOT = iphoneos;
				SWIFT_OPTIMIZATION_LEVEL = "-Owholemodule";
				TARGETED_DEVICE_FAMILY = "1,2";
				VALIDATE_PRODUCT = YES;
			};
			name = Release;
		};
		63A17CBB1EB8F5A800600C34 /* Debug */ = {
			isa = XCBuildConfiguration;
			baseConfigurationReference = 6B7091CFE68F4E0A2F14BEC9 /* Pods-sap-hack.debug.xcconfig */;
			buildSettings = {
				ASSETCATALOG_COMPILER_APPICON_NAME = AppIcon;
				CLANG_ENABLE_MODULES = YES;
				DEVELOPMENT_TEAM = P345AM94MQ;
				FRAMEWORK_SEARCH_PATHS = (
					"$(inherited)",
					"$(PROJECT_DIR)/Frameworks",
				);
				INFOPLIST_FILE = "$(SRCROOT)/Sources/Info.plist";
				IPHONEOS_DEPLOYMENT_TARGET = 10.2;
				LD_RUNPATH_SEARCH_PATHS = "$(inherited) @executable_path/Frameworks";
				PRODUCT_BUNDLE_IDENTIFIER = "de.nickpodratz.sap-hack";
				PRODUCT_NAME = "$(TARGET_NAME)";
				SWIFT_OPTIMIZATION_LEVEL = "-Onone";
				SWIFT_VERSION = 3.0;
			};
			name = Debug;
		};
		63A17CBC1EB8F5A800600C34 /* Release */ = {
			isa = XCBuildConfiguration;
			baseConfigurationReference = 51B0A5DD361E54E54C6B41A3 /* Pods-sap-hack.release.xcconfig */;
			buildSettings = {
				ASSETCATALOG_COMPILER_APPICON_NAME = AppIcon;
				CLANG_ENABLE_MODULES = YES;
				DEVELOPMENT_TEAM = P345AM94MQ;
				FRAMEWORK_SEARCH_PATHS = (
					"$(inherited)",
					"$(PROJECT_DIR)/Frameworks",
				);
				INFOPLIST_FILE = "$(SRCROOT)/Sources/Info.plist";
				IPHONEOS_DEPLOYMENT_TARGET = 10.2;
				LD_RUNPATH_SEARCH_PATHS = "$(inherited) @executable_path/Frameworks";
				PRODUCT_BUNDLE_IDENTIFIER = "de.nickpodratz.sap-hack";
				PRODUCT_NAME = "$(TARGET_NAME)";
				SWIFT_VERSION = 3.0;
			};
			name = Release;
		};
/* End XCBuildConfiguration section */

/* Begin XCConfigurationList section */
		63A17CA11EB8F5A800600C34 /* Build configuration list for PBXProject "sap-hack" */ = {
			isa = XCConfigurationList;
			buildConfigurations = (
				63A17CB81EB8F5A800600C34 /* Debug */,
				63A17CB91EB8F5A800600C34 /* Release */,
			);
			defaultConfigurationIsVisible = 0;
			defaultConfigurationName = Release;
		};
		63A17CBA1EB8F5A800600C34 /* Build configuration list for PBXNativeTarget "sap-hack" */ = {
			isa = XCConfigurationList;
			buildConfigurations = (
				63A17CBB1EB8F5A800600C34 /* Debug */,
				63A17CBC1EB8F5A800600C34 /* Release */,
			);
			defaultConfigurationIsVisible = 0;
			defaultConfigurationName = Release;
		};
/* End XCConfigurationList section */
	};
	rootObject = 63A17C9E1EB8F5A800600C34 /* Project object */;
}
